{
  "version": 4,
  "terraform_version": "1.11.3",
  "serial": 47,
  "lineage": "4f2e8b7c-2c1a-4138-c64d-5d2129fe239f",
  "outputs": {
    "load_balancer_ip": {
      "value": "4.213.124.143",
      "type": "string"
    }
  },
  "resources": [
    {
      "mode": "data",
      "type": "azurerm_shared_image_version",
      "name": "img",
      "provider": "provider[\"registry.terraform.io/hashicorp/azurerm\"]",
      "instances": [
        {
          "schema_version": 0,
          "attributes": {
            "exclude_from_latest": false,
            "gallery_name": "PrashanthTestImg",
            "id": "/subscriptions/bf7e75db-e819-49ca-b6d2-69c32a2353fe/resourceGroups/Project-Test-rg/providers/Microsoft.Compute/galleries/PrashanthTestImg/images/PrashanthDefImg/versions/1.0.0",
            "image_name": "PrashanthDefImg",
            "location": "centralindia",
            "managed_image_id": "/subscriptions/bf7e75db-e819-49ca-b6d2-69c32a2353fe/resourceGroups/Project-Test-rg/providers/Microsoft.Compute/virtualMachines/PrashanthTestvm",
            "name": "1.0.0",
            "os_disk_image_size_gb": 30,
            "os_disk_snapshot_id": "",
            "resource_group_name": "Project-Test-rg",
            "sort_versions_by_semver": false,
            "tags": {},
            "target_region": [
              {
                "name": "centralindia",
                "regional_replica_count": 1,
                "storage_account_type": "Standard_ZRS"
              }
            ],
            "timeouts": null
          },
          "sensitive_attributes": []
        }
      ]
    },
    {
      "mode": "managed",
      "type": "azurerm_lb",
      "name": "loadbalancer",
      "provider": "provider[\"registry.terraform.io/hashicorp/azurerm\"]",
      "instances": [
        {
          "schema_version": 0,
          "attributes": {
            "edge_zone": "",
            "frontend_ip_configuration": [
              {
                "gateway_load_balancer_frontend_ip_configuration_id": "",
                "id": "/subscriptions/bf7e75db-e819-49ca-b6d2-69c32a2353fe/resourceGroups/Project-3Tier/providers/Microsoft.Network/loadBalancers/lb-name/frontendIPConfigurations/PublicIPAddress",
                "inbound_nat_rules": [],
                "load_balancer_rules": [
                  "/subscriptions/bf7e75db-e819-49ca-b6d2-69c32a2353fe/resourceGroups/Project-3Tier/providers/Microsoft.Network/loadBalancers/lb-name/loadBalancingRules/http-rule"
                ],
                "name": "PublicIPAddress",
                "outbound_rules": [],
                "private_ip_address": "",
                "private_ip_address_allocation": "Dynamic",
                "private_ip_address_version": "",
                "public_ip_address_id": "/subscriptions/bf7e75db-e819-49ca-b6d2-69c32a2353fe/resourceGroups/Project-3Tier/providers/Microsoft.Network/publicIPAddresses/lb-public-ip",
                "public_ip_prefix_id": "",
                "subnet_id": "",
                "zones": []
              }
            ],
            "id": "/subscriptions/bf7e75db-e819-49ca-b6d2-69c32a2353fe/resourceGroups/Project-3Tier/providers/Microsoft.Network/loadBalancers/lb-name",
            "location": "centralindia",
            "name": "lb-name",
            "private_ip_address": "",
            "private_ip_addresses": [],
            "resource_group_name": "Project-3Tier",
            "sku": "Standard",
            "sku_tier": "Regional",
            "tags": {},
            "timeouts": null
          },
          "sensitive_attributes": [],
          "private": "eyJlMmJmYjczMC1lY2FhLTExZTYtOGY4OC0zNDM2M2JjN2M0YzAiOnsiY3JlYXRlIjoxODAwMDAwMDAwMDAwLCJkZWxldGUiOjE4MDAwMDAwMDAwMDAsInJlYWQiOjMwMDAwMDAwMDAwMCwidXBkYXRlIjoxODAwMDAwMDAwMDAwfX0=",
          "dependencies": [
            "azurerm_public_ip.lb_public_ip",
            "azurerm_resource_group.three_tier_rg"
          ]
        }
      ]
    },
    {
      "mode": "managed",
      "type": "azurerm_lb_backend_address_pool",
      "name": "lb-backend",
      "provider": "provider[\"registry.terraform.io/hashicorp/azurerm\"]",
      "instances": [
        {
          "schema_version": 0,
          "attributes": {
            "backend_ip_configurations": [
              "/subscriptions/bf7e75db-e819-49ca-b6d2-69c32a2353fe/resourceGroups/Project-3Tier/providers/Microsoft.Compute/virtualMachineScaleSets/example-vmss/virtualMachines/0/networkInterfaces/example-nic/ipConfigurations/internal",
              "/subscriptions/bf7e75db-e819-49ca-b6d2-69c32a2353fe/resourceGroups/Project-3Tier/providers/Microsoft.Compute/virtualMachineScaleSets/example-vmss/virtualMachines/2/networkInterfaces/example-nic/ipConfigurations/internal"
            ],
            "id": "/subscriptions/bf7e75db-e819-49ca-b6d2-69c32a2353fe/resourceGroups/Project-3Tier/providers/Microsoft.Network/loadBalancers/lb-name/backendAddressPools/backend-pool",
            "inbound_nat_rules": [],
            "load_balancing_rules": [
              "/subscriptions/bf7e75db-e819-49ca-b6d2-69c32a2353fe/resourceGroups/Project-3Tier/providers/Microsoft.Network/loadBalancers/lb-name/loadBalancingRules/http-rule"
            ],
            "loadbalancer_id": "/subscriptions/bf7e75db-e819-49ca-b6d2-69c32a2353fe/resourceGroups/Project-3Tier/providers/Microsoft.Network/loadBalancers/lb-name",
            "name": "backend-pool",
            "outbound_rules": [],
            "synchronous_mode": "",
            "timeouts": null,
            "tunnel_interface": [],
            "virtual_network_id": ""
          },
          "sensitive_attributes": [],
          "private": "eyJlMmJmYjczMC1lY2FhLTExZTYtOGY4OC0zNDM2M2JjN2M0YzAiOnsiY3JlYXRlIjoxODAwMDAwMDAwMDAwLCJkZWxldGUiOjE4MDAwMDAwMDAwMDAsInJlYWQiOjMwMDAwMDAwMDAwMCwidXBkYXRlIjoxODAwMDAwMDAwMDAwfX0=",
          "dependencies": [
            "azurerm_lb.loadbalancer",
            "azurerm_public_ip.lb_public_ip",
            "azurerm_resource_group.three_tier_rg"
          ]
        }
      ]
    },
    {
      "mode": "managed",
      "type": "azurerm_lb_probe",
      "name": "Health-Prob-lob",
      "provider": "provider[\"registry.terraform.io/hashicorp/azurerm\"]",
      "instances": [
        {
          "schema_version": 0,
          "attributes": {
            "id": "/subscriptions/bf7e75db-e819-49ca-b6d2-69c32a2353fe/resourceGroups/Project-3Tier/providers/Microsoft.Network/loadBalancers/lb-name/probes/http-probe",
            "interval_in_seconds": 15,
            "load_balancer_rules": [
              "/subscriptions/bf7e75db-e819-49ca-b6d2-69c32a2353fe/resourceGroups/Project-3Tier/providers/Microsoft.Network/loadBalancers/lb-name/loadBalancingRules/http-rule"
            ],
            "loadbalancer_id": "/subscriptions/bf7e75db-e819-49ca-b6d2-69c32a2353fe/resourceGroups/Project-3Tier/providers/Microsoft.Network/loadBalancers/lb-name",
            "name": "http-probe",
            "number_of_probes": 2,
            "port": 80,
            "probe_threshold": 1,
            "protocol": "Http",
            "request_path": "/",
            "timeouts": null
          },
          "sensitive_attributes": [],
          "private": "eyJlMmJmYjczMC1lY2FhLTExZTYtOGY4OC0zNDM2M2JjN2M0YzAiOnsiY3JlYXRlIjoxODAwMDAwMDAwMDAwLCJkZWxldGUiOjE4MDAwMDAwMDAwMDAsInJlYWQiOjMwMDAwMDAwMDAwMCwidXBkYXRlIjoxODAwMDAwMDAwMDAwfX0=",
          "dependencies": [
            "azurerm_lb.loadbalancer",
            "azurerm_public_ip.lb_public_ip",
            "azurerm_resource_group.three_tier_rg"
          ]
        }
      ]
    },
    {
      "mode": "managed",
      "type": "azurerm_lb_rule",
      "name": "lb-rule",
      "provider": "provider[\"registry.terraform.io/hashicorp/azurerm\"]",
      "instances": [
        {
          "schema_version": 0,
          "attributes": {
            "backend_address_pool_ids": [
              "/subscriptions/bf7e75db-e819-49ca-b6d2-69c32a2353fe/resourceGroups/Project-3Tier/providers/Microsoft.Network/loadBalancers/lb-name/backendAddressPools/backend-pool"
            ],
            "backend_port": 80,
            "disable_outbound_snat": false,
            "enable_floating_ip": false,
            "enable_tcp_reset": false,
            "frontend_ip_configuration_id": "/subscriptions/bf7e75db-e819-49ca-b6d2-69c32a2353fe/resourceGroups/Project-3Tier/providers/Microsoft.Network/loadBalancers/lb-name/frontendIPConfigurations/PublicIPAddress",
            "frontend_ip_configuration_name": "PublicIPAddress",
            "frontend_port": 80,
            "id": "/subscriptions/bf7e75db-e819-49ca-b6d2-69c32a2353fe/resourceGroups/Project-3Tier/providers/Microsoft.Network/loadBalancers/lb-name/loadBalancingRules/http-rule",
            "idle_timeout_in_minutes": 4,
            "load_distribution": "Default",
            "loadbalancer_id": "/subscriptions/bf7e75db-e819-49ca-b6d2-69c32a2353fe/resourceGroups/Project-3Tier/providers/Microsoft.Network/loadBalancers/lb-name",
            "name": "http-rule",
            "probe_id": "/subscriptions/bf7e75db-e819-49ca-b6d2-69c32a2353fe/resourceGroups/Project-3Tier/providers/Microsoft.Network/loadBalancers/lb-name/probes/http-probe",
            "protocol": "Tcp",
            "timeouts": null
          },
          "sensitive_attributes": [],
          "private": "eyJlMmJmYjczMC1lY2FhLTExZTYtOGY4OC0zNDM2M2JjN2M0YzAiOnsiY3JlYXRlIjoxODAwMDAwMDAwMDAwLCJkZWxldGUiOjE4MDAwMDAwMDAwMDAsInJlYWQiOjMwMDAwMDAwMDAwMCwidXBkYXRlIjoxODAwMDAwMDAwMDAwfX0=",
          "dependencies": [
            "azurerm_lb.loadbalancer",
            "azurerm_lb_backend_address_pool.lb-backend",
            "azurerm_lb_probe.Health-Prob-lob",
            "azurerm_public_ip.lb_public_ip",
            "azurerm_resource_group.three_tier_rg"
          ]
        }
      ]
    },
    {
      "mode": "managed",
      "type": "azurerm_linux_virtual_machine_scale_set",
      "name": "Vmscaleset",
      "provider": "provider[\"registry.terraform.io/hashicorp/azurerm\"]",
      "instances": [
        {
          "schema_version": 0,
          "attributes": {
            "additional_capabilities": [],
            "admin_password": "Password1234!",
            "admin_ssh_key": [],
            "admin_username": "adminuser",
            "automatic_instance_repair": [],
            "automatic_os_upgrade_policy": [],
            "boot_diagnostics": [],
            "capacity_reservation_group_id": "",
            "computer_name_prefix": "Prashanth-vmss",
            "custom_data": null,
            "data_disk": [],
            "disable_password_authentication": false,
            "do_not_run_extensions_on_overprovisioned_machines": false,
            "edge_zone": "",
            "encryption_at_host_enabled": false,
            "eviction_policy": "",
            "extension": [],
            "extension_operations_enabled": true,
            "extensions_time_budget": "PT1H30M",
            "gallery_application": null,
            "gallery_applications": null,
            "health_probe_id": "",
            "host_group_id": null,
            "id": "/subscriptions/bf7e75db-e819-49ca-b6d2-69c32a2353fe/resourceGroups/Project-3Tier/providers/Microsoft.Compute/virtualMachineScaleSets/Prashanth-vmss",
            "identity": [],
            "instances": 2,
            "location": "centralindia",
            "max_bid_price": -1,
            "name": "Prashanth-vmss",
            "network_interface": [
              {
                "dns_servers": null,
                "enable_accelerated_networking": false,
                "enable_ip_forwarding": false,
                "ip_configuration": [
                  {
                    "application_gateway_backend_address_pool_ids": null,
                    "application_security_group_ids": null,
                    "load_balancer_backend_address_pool_ids": [
                      "/subscriptions/bf7e75db-e819-49ca-b6d2-69c32a2353fe/resourceGroups/Project-3Tier/providers/Microsoft.Network/loadBalancers/lb-name/backendAddressPools/backend-pool"
                    ],
                    "load_balancer_inbound_nat_rules_ids": null,
                    "name": "internal",
                    "primary": true,
                    "public_ip_address": [],
                    "subnet_id": "/subscriptions/bf7e75db-e819-49ca-b6d2-69c32a2353fe/resourceGroups/Project-3Tier/providers/Microsoft.Network/virtualNetworks/Virtual-network-3Tier/subnets/private-subnet",
                    "version": "IPv4"
                  }
                ],
                "name": "Prahanth-nic",
                "network_security_group_id": "",
                "primary": true
              }
            ],
            "os_disk": [
              {
                "caching": "ReadWrite",
                "diff_disk_settings": [],
                "disk_encryption_set_id": "",
                "disk_size_gb": 30,
                "secure_vm_disk_encryption_set_id": "",
                "security_encryption_type": "",
                "storage_account_type": "Standard_LRS",
                "write_accelerator_enabled": false
              }
            ],
            "overprovision": true,
            "plan": [],
            "platform_fault_domain_count": 5,
            "priority": "Regular",
            "provision_vm_agent": true,
            "proximity_placement_group_id": "",
            "resource_group_name": "Project-3Tier",
            "rolling_upgrade_policy": [],
            "scale_in": [
              {
                "force_deletion_enabled": false,
                "rule": "Default"
              }
            ],
            "scale_in_policy": "Default",
            "secret": [],
            "secure_boot_enabled": true,
            "single_placement_group": true,
            "sku": "Standard_B1s",
            "source_image_id": "/subscriptions/bf7e75db-e819-49ca-b6d2-69c32a2353fe/resourceGroups/Project-Test-rg/providers/Microsoft.Compute/galleries/PrashanthTestImg/images/PrashanthDefImg/versions/1.0.0",
            "source_image_reference": [],
            "spot_restore": null,
            "tags": null,
            "terminate_notification": null,
            "termination_notification": null,
            "timeouts": null,
            "unique_id": "7676b9a2-1b34-46d9-9e0b-a39f592143c5",
            "upgrade_mode": "Manual",
            "user_data": "",
            "vtpm_enabled": false,
            "zone_balance": false,
            "zones": null
          },
          "sensitive_attributes": [
            [
              {
                "type": "get_attr",
                "value": "admin_password"
              }
            ],
            [
              {
                "type": "get_attr",
                "value": "custom_data"
              }
            ]
          ],
          "private": "eyJlMmJmYjczMC1lY2FhLTExZTYtOGY4OC0zNDM2M2JjN2M0YzAiOnsiY3JlYXRlIjozNjAwMDAwMDAwMDAwLCJkZWxldGUiOjM2MDAwMDAwMDAwMDAsInJlYWQiOjMwMDAwMDAwMDAwMCwidXBkYXRlIjozNjAwMDAwMDAwMDAwfX0=",
          "dependencies": [
            "azurerm_lb.loadbalancer",
            "azurerm_lb_backend_address_pool.lb-backend",
            "azurerm_public_ip.lb_public_ip",
            "azurerm_resource_group.three_tier_rg",
            "azurerm_subnet.private",
            "azurerm_virtual_network.Vnet",
            "data.azurerm_shared_image_version.img"
          ]
        }
      ]
    },
    {
      "mode": "managed",
      "type": "azurerm_network_security_group",
      "name": "lb_nsg",
      "provider": "provider[\"registry.terraform.io/hashicorp/azurerm\"]",
      "instances": [
        {
          "schema_version": 0,
          "attributes": {
            "id": "/subscriptions/bf7e75db-e819-49ca-b6d2-69c32a2353fe/resourceGroups/Project-3Tier/providers/Microsoft.Network/networkSecurityGroups/lb-nsg",
            "location": "centralindia",
            "name": "lb-nsg",
            "resource_group_name": "Project-3Tier",
            "security_rule": [
              {
                "access": "Allow",
                "description": "",
                "destination_address_prefix": "*",
                "destination_address_prefixes": [],
                "destination_application_security_group_ids": [],
                "destination_port_range": "80",
                "destination_port_ranges": [],
                "direction": "Inbound",
                "name": "Allow-HTTP",
                "priority": 100,
                "protocol": "Tcp",
                "source_address_prefix": "*",
                "source_address_prefixes": [],
                "source_application_security_group_ids": [],
                "source_port_range": "*",
                "source_port_ranges": []
              }
            ],
            "tags": {},
            "timeouts": null
          },
          "sensitive_attributes": [],
          "private": "eyJlMmJmYjczMC1lY2FhLTExZTYtOGY4OC0zNDM2M2JjN2M0YzAiOnsiY3JlYXRlIjoxODAwMDAwMDAwMDAwLCJkZWxldGUiOjE4MDAwMDAwMDAwMDAsInJlYWQiOjMwMDAwMDAwMDAwMCwidXBkYXRlIjoxODAwMDAwMDAwMDAwfX0=",
          "dependencies": [
            "azurerm_resource_group.three_tier_rg"
          ]
        }
      ]
    },
    {
      "mode": "managed",
      "type": "azurerm_public_ip",
      "name": "lb_public_ip",
      "provider": "provider[\"registry.terraform.io/hashicorp/azurerm\"]",
      "instances": [
        {
          "schema_version": 0,
          "attributes": {
            "allocation_method": "Static",
            "ddos_protection_mode": "VirtualNetworkInherited",
            "ddos_protection_plan_id": null,
            "domain_name_label": null,
            "edge_zone": "",
            "fqdn": null,
            "id": "/subscriptions/bf7e75db-e819-49ca-b6d2-69c32a2353fe/resourceGroups/Project-3Tier/providers/Microsoft.Network/publicIPAddresses/lb-public-ip",
            "idle_timeout_in_minutes": 4,
            "ip_address": "4.213.124.143",
            "ip_tags": {},
            "ip_version": "IPv4",
            "location": "centralindia",
            "name": "lb-public-ip",
            "public_ip_prefix_id": null,
            "resource_group_name": "Project-3Tier",
            "reverse_fqdn": null,
            "sku": "Standard",
            "sku_tier": "Regional",
            "tags": {},
            "timeouts": null,
            "zones": []
          },
          "sensitive_attributes": [],
          "private": "eyJlMmJmYjczMC1lY2FhLTExZTYtOGY4OC0zNDM2M2JjN2M0YzAiOnsiY3JlYXRlIjoxODAwMDAwMDAwMDAwLCJkZWxldGUiOjE4MDAwMDAwMDAwMDAsInJlYWQiOjMwMDAwMDAwMDAwMCwidXBkYXRlIjoxODAwMDAwMDAwMDAwfX0=",
          "dependencies": [
            "azurerm_resource_group.three_tier_rg"
          ]
        }
      ]
    },
    {
      "mode": "managed",
      "type": "azurerm_resource_group",
      "name": "three_tier_rg",
      "provider": "provider[\"registry.terraform.io/hashicorp/azurerm\"]",
      "instances": [
        {
          "schema_version": 0,
          "attributes": {
            "id": "/subscriptions/bf7e75db-e819-49ca-b6d2-69c32a2353fe/resourceGroups/Project-3Tier",
            "location": "centralindia",
            "managed_by": "",
            "name": "Project-3Tier",
            "tags": {},
            "timeouts": null
          },
          "sensitive_attributes": [],
          "private": "eyJlMmJmYjczMC1lY2FhLTExZTYtOGY4OC0zNDM2M2JjN2M0YzAiOnsiY3JlYXRlIjo1NDAwMDAwMDAwMDAwLCJkZWxldGUiOjU0MDAwMDAwMDAwMDAsInJlYWQiOjMwMDAwMDAwMDAwMCwidXBkYXRlIjo1NDAwMDAwMDAwMDAwfX0="
        }
      ]
    },
    {
      "mode": "managed",
      "type": "azurerm_subnet",
      "name": "private",
      "provider": "provider[\"registry.terraform.io/hashicorp/azurerm\"]",
      "instances": [
        {
          "schema_version": 0,
          "attributes": {
            "address_prefixes": [
              "10.0.2.0/24"
            ],
            "default_outbound_access_enabled": true,
            "delegation": [],
            "enforce_private_link_endpoint_network_policies": false,
            "enforce_private_link_service_network_policies": false,
            "id": "/subscriptions/bf7e75db-e819-49ca-b6d2-69c32a2353fe/resourceGroups/Project-3Tier/providers/Microsoft.Network/virtualNetworks/Virtual-network-3Tier/subnets/private-subnet",
            "name": "private-subnet",
            "private_endpoint_network_policies": "Enabled",
            "private_endpoint_network_policies_enabled": true,
            "private_link_service_network_policies_enabled": true,
            "resource_group_name": "Project-3Tier",
            "service_endpoint_policy_ids": [],
            "service_endpoints": [],
            "timeouts": null,
            "virtual_network_name": "Virtual-network-3Tier"
          },
          "sensitive_attributes": [],
          "private": "eyJlMmJmYjczMC1lY2FhLTExZTYtOGY4OC0zNDM2M2JjN2M0YzAiOnsiY3JlYXRlIjoxODAwMDAwMDAwMDAwLCJkZWxldGUiOjE4MDAwMDAwMDAwMDAsInJlYWQiOjMwMDAwMDAwMDAwMCwidXBkYXRlIjoxODAwMDAwMDAwMDAwfX0=",
          "dependencies": [
            "azurerm_resource_group.three_tier_rg",
            "azurerm_virtual_network.Vnet"
          ]
        }
      ]
    },
    {
      "mode": "managed",
      "type": "azurerm_subnet",
      "name": "public",
      "provider": "provider[\"registry.terraform.io/hashicorp/azurerm\"]",
      "instances": [
        {
          "schema_version": 0,
          "attributes": {
            "address_prefixes": [
              "10.0.1.0/24"
            ],
            "default_outbound_access_enabled": true,
            "delegation": [],
            "enforce_private_link_endpoint_network_policies": false,
            "enforce_private_link_service_network_policies": false,
            "id": "/subscriptions/bf7e75db-e819-49ca-b6d2-69c32a2353fe/resourceGroups/Project-3Tier/providers/Microsoft.Network/virtualNetworks/Virtual-network-3Tier/subnets/public-subnet",
            "name": "public-subnet",
            "private_endpoint_network_policies": "Enabled",
            "private_endpoint_network_policies_enabled": true,
            "private_link_service_network_policies_enabled": true,
            "resource_group_name": "Project-3Tier",
            "service_endpoint_policy_ids": [],
            "service_endpoints": [],
            "timeouts": null,
            "virtual_network_name": "Virtual-network-3Tier"
          },
          "sensitive_attributes": [],
          "private": "eyJlMmJmYjczMC1lY2FhLTExZTYtOGY4OC0zNDM2M2JjN2M0YzAiOnsiY3JlYXRlIjoxODAwMDAwMDAwMDAwLCJkZWxldGUiOjE4MDAwMDAwMDAwMDAsInJlYWQiOjMwMDAwMDAwMDAwMCwidXBkYXRlIjoxODAwMDAwMDAwMDAwfX0=",
          "dependencies": [
            "azurerm_resource_group.three_tier_rg",
            "azurerm_virtual_network.Vnet"
          ]
        }
      ]
    },
    {
      "mode": "managed",
      "type": "azurerm_subnet_network_security_group_association",
      "name": "public_nsg_assoc",
      "provider": "provider[\"registry.terraform.io/hashicorp/azurerm\"]",
      "instances": [
        {
          "schema_version": 0,
          "attributes": {
            "id": "/subscriptions/bf7e75db-e819-49ca-b6d2-69c32a2353fe/resourceGroups/Project-3Tier/providers/Microsoft.Network/virtualNetworks/Virtual-network-3Tier/subnets/public-subnet",
            "network_security_group_id": "/subscriptions/bf7e75db-e819-49ca-b6d2-69c32a2353fe/resourceGroups/Project-3Tier/providers/Microsoft.Network/networkSecurityGroups/lb-nsg",
            "subnet_id": "/subscriptions/bf7e75db-e819-49ca-b6d2-69c32a2353fe/resourceGroups/Project-3Tier/providers/Microsoft.Network/virtualNetworks/Virtual-network-3Tier/subnets/public-subnet",
            "timeouts": null
          },
          "sensitive_attributes": [],
          "private": "eyJlMmJmYjczMC1lY2FhLTExZTYtOGY4OC0zNDM2M2JjN2M0YzAiOnsiY3JlYXRlIjoxODAwMDAwMDAwMDAwLCJkZWxldGUiOjE4MDAwMDAwMDAwMDAsInJlYWQiOjMwMDAwMDAwMDAwMH19",
          "dependencies": [
            "azurerm_network_security_group.lb_nsg",
            "azurerm_resource_group.three_tier_rg",
            "azurerm_subnet.public",
            "azurerm_virtual_network.Vnet"
          ]
        }
      ]
    },
    {
      "mode": "managed",
      "type": "azurerm_virtual_network",
      "name": "Vnet",
      "provider": "provider[\"registry.terraform.io/hashicorp/azurerm\"]",
      "instances": [
        {
          "schema_version": 0,
          "attributes": {
            "address_space": [
              "10.0.0.0/16"
            ],
            "bgp_community": "",
            "ddos_protection_plan": [],
            "dns_servers": [],
            "edge_zone": "",
            "encryption": [],
            "flow_timeout_in_minutes": 0,
            "guid": "14eac212-4b7d-48f8-9db0-3527833b1c87",
            "id": "/subscriptions/bf7e75db-e819-49ca-b6d2-69c32a2353fe/resourceGroups/Project-3Tier/providers/Microsoft.Network/virtualNetworks/Virtual-network-3Tier",
            "location": "centralindia",
            "name": "Virtual-network-3Tier",
            "resource_group_name": "Project-3Tier",
            "subnet": [
              {
                "address_prefix": "10.0.1.0/24",
                "id": "/subscriptions/bf7e75db-e819-49ca-b6d2-69c32a2353fe/resourceGroups/Project-3Tier/providers/Microsoft.Network/virtualNetworks/Virtual-network-3Tier/subnets/public-subnet",
                "name": "public-subnet",
                "security_group": "/subscriptions/bf7e75db-e819-49ca-b6d2-69c32a2353fe/resourceGroups/Project-3Tier/providers/Microsoft.Network/networkSecurityGroups/lb-nsg"
              },
              {
                "address_prefix": "10.0.2.0/24",
                "id": "/subscriptions/bf7e75db-e819-49ca-b6d2-69c32a2353fe/resourceGroups/Project-3Tier/providers/Microsoft.Network/virtualNetworks/Virtual-network-3Tier/subnets/private-subnet",
                "name": "private-subnet",
                "security_group": ""
              }
            ],
            "tags": {},
            "timeouts": null
          },
          "sensitive_attributes": [],
          "private": "eyJlMmJmYjczMC1lY2FhLTExZTYtOGY4OC0zNDM2M2JjN2M0YzAiOnsiY3JlYXRlIjoxODAwMDAwMDAwMDAwLCJkZWxldGUiOjE4MDAwMDAwMDAwMDAsInJlYWQiOjMwMDAwMDAwMDAwMCwidXBkYXRlIjoxODAwMDAwMDAwMDAwfX0=",
          "dependencies": [
            "azurerm_resource_group.three_tier_rg"
          ]
        }
      ]
    }
  ],
  "check_results": null
}
